
Microsoft Visual Studio Solution File, Format Version 12.00
# Visual Studio Version 16
VisualStudioVersion = 16.0.31105.61
MinimumVisualStudioVersion = 10.0.40219.1
Project("{FAE04EC0-301F-11D3-BF4B-00C04F79EFBC}") = "QualysPlaywright", "QualysPlaywright\QualysPlaywright.csproj", "{C41327C7-FF19-4381-844F-6022D98173DB}"
EndProject
Global
	GlobalSection(SolutionConfigurationPlatforms) = preSolution
		Debug|Any CPU = Debug|Any CPU
		Release|Any CPU = Release|Any CPU
	EndGlobalSection
	GlobalSection(ProjectConfigurationPlatforms) = postSolution
		{C41327C7-FF19-4381-844F-6022D98173DB}.Debug|Any CPU.ActiveCfg = Debug|Any CPU
		{C41327C7-FF19-4381-844F-6022D98173DB}.Debug|Any CPU.Build.0 = Debug|Any CPU
		{C41327C7-FF19-4381-844F-6022D98173DB}.Release|Any CPU.ActiveCfg = Release|Any CPU
		{C41327C7-FF19-4381-844F-6022D98173DB}.Release|Any CPU.Build.0 = Release|Any CPU
	EndGlobalSection
	GlobalSection(SolutionProperties) = preSolution
		HideSolutionNode = FALSE
	EndGlobalSection
	GlobalSection(ExtensibilityGlobals) = postSolution
		SolutionGuid = {BCC89A9B-A4FE-42C9-8F5D-73155C0663EA}
	EndGlobalSection
EndGlobal
